// !$*UTF8*$!
{
	archiveVersion = 1;
	classes = {
	};
	objectVersion = 46;
	objects = {

/* Begin PBXBuildFile section */
		9912B0851F61B2DC00D751F6 /* AppDelegate.swift in Sources */ = {isa = PBXBuildFile; fileRef = 9912B0841F61B2DC00D751F6 /* AppDelegate.swift */; };
		9912B08A1F61B2DC00D751F6 /* Main.storyboard in Resources */ = {isa = PBXBuildFile; fileRef = 9912B0881F61B2DC00D751F6 /* Main.storyboard */; };
		9912B08C1F61B2DC00D751F6 /* Assets.xcassets in Resources */ = {isa = PBXBuildFile; fileRef = 9912B08B1F61B2DC00D751F6 /* Assets.xcassets */; };
		9912B08F1F61B2DC00D751F6 /* LaunchScreen.storyboard in Resources */ = {isa = PBXBuildFile; fileRef = 9912B08D1F61B2DC00D751F6 /* LaunchScreen.storyboard */; };
		9912B0971F61B39600D751F6 /* PhotoAlbumViewController.swift in Sources */ = {isa = PBXBuildFile; fileRef = 9912B0961F61B39600D751F6 /* PhotoAlbumViewController.swift */; };
		9912B0991F61B3B200D751F6 /* MapViewController.swift in Sources */ = {isa = PBXBuildFile; fileRef = 9912B0981F61B3B200D751F6 /* MapViewController.swift */; };
		9912B09F1F61B4E400D751F6 /* Constants.swift in Sources */ = {isa = PBXBuildFile; fileRef = 9912B09E1F61B4E400D751F6 /* Constants.swift */; };
		9912B0A41F61B59300D751F6 /* FLKRClient.swift in Sources */ = {isa = PBXBuildFile; fileRef = 9912B0A31F61B59300D751F6 /* FLKRClient.swift */; };
/* End PBXBuildFile section */

/* Begin PBXFileReference section */
		9912B0811F61B2DC00D751F6 /* virtual-tourist.app */ = {isa = PBXFileReference; explicitFileType = wrapper.application; includeInIndex = 0; path = "virtual-tourist.app"; sourceTree = BUILT_PRODUCTS_DIR; };
		9912B0841F61B2DC00D751F6 /* AppDelegate.swift */ = {isa = PBXFileReference; lastKnownFileType = sourcecode.swift; path = AppDelegate.swift; sourceTree = "<group>"; };
		9912B0891F61B2DC00D751F6 /* Base */ = {isa = PBXFileReference; lastKnownFileType = file.storyboard; name = Base; path = Base.lproj/Main.storyboard; sourceTree = "<group>"; };
		9912B08B1F61B2DC00D751F6 /* Assets.xcassets */ = {isa = PBXFileReference; lastKnownFileType = folder.assetcatalog; path = Assets.xcassets; sourceTree = "<group>"; };
		9912B08E1F61B2DC00D751F6 /* Base */ = {isa = PBXFileReference; lastKnownFileType = file.storyboard; name = Base; path = Base.lproj/LaunchScreen.storyboard; sourceTree = "<group>"; };
		9912B0901F61B2DC00D751F6 /* Info.plist */ = {isa = PBXFileReference; lastKnownFileType = text.plist.xml; path = Info.plist; sourceTree = "<group>"; };
		9912B0961F61B39600D751F6 /* PhotoAlbumViewController.swift */ = {isa = PBXFileReference; fileEncoding = 4; lastKnownFileType = sourcecode.swift; path = PhotoAlbumViewController.swift; sourceTree = "<group>"; };
		9912B0981F61B3B200D751F6 /* MapViewController.swift */ = {isa = PBXFileReference; fileEncoding = 4; lastKnownFileType = sourcecode.swift; path = MapViewController.swift; sourceTree = "<group>"; };
		9912B09E1F61B4E400D751F6 /* Constants.swift */ = {isa = PBXFileReference; fileEncoding = 4; lastKnownFileType = sourcecode.swift; path = Constants.swift; sourceTree = "<group>"; };
		9912B0A31F61B59300D751F6 /* FLKRClient.swift */ = {isa = PBXFileReference; fileEncoding = 4; lastKnownFileType = sourcecode.swift; path = FLKRClient.swift; sourceTree = "<group>"; };
/* End PBXFileReference section */

/* Begin PBXFrameworksBuildPhase section */
		9912B07E1F61B2DC00D751F6 /* Frameworks */ = {
			isa = PBXFrameworksBuildPhase;
			buildActionMask = 2147483647;
			files = (
			);
			runOnlyForDeploymentPostprocessing = 0;
		};
/* End PBXFrameworksBuildPhase section */

/* Begin PBXGroup section */
		9912B0781F61B2DC00D751F6 = {
			isa = PBXGroup;
			children = (
				9912B0831F61B2DC00D751F6 /* virtual-tourist */,
				9912B0821F61B2DC00D751F6 /* Products */,
			);
			sourceTree = "<group>";
		};
		9912B0821F61B2DC00D751F6 /* Products */ = {
			isa = PBXGroup;
			children = (
				9912B0811F61B2DC00D751F6 /* virtual-tourist.app */,
			);
			name = Products;
			sourceTree = "<group>";
		};
		9912B0831F61B2DC00D751F6 /* virtual-tourist */ = {
			isa = PBXGroup;
			children = (
				9912B0A01F61B56B00D751F6 /* Model */,
				9912B09B1F61B3BF00D751F6 /* View */,
				9912B09A1F61B3B800D751F6 /* Controller */,
				9912B09C1F61B3C500D751F6 /* Assets */,
				9912B09D1F61B4BE00D751F6 /* Util */,
			);
			path = "virtual-tourist";
			sourceTree = "<group>";
		};
		9912B09A1F61B3B800D751F6 /* Controller */ = {
			isa = PBXGroup;
			children = (
				9912B0981F61B3B200D751F6 /* MapViewController.swift */,
				9912B0961F61B39600D751F6 /* PhotoAlbumViewController.swift */,
			);
			name = Controller;
			sourceTree = "<group>";
		};
		9912B09B1F61B3BF00D751F6 /* View */ = {
			isa = PBXGroup;
			children = (
				9912B0881F61B2DC00D751F6 /* Main.storyboard */,
				9912B08D1F61B2DC00D751F6 /* LaunchScreen.storyboard */,
			);
			name = View;
			sourceTree = "<group>";
		};
		9912B09C1F61B3C500D751F6 /* Assets */ = {
			isa = PBXGroup;
			children = (
				9912B0841F61B2DC00D751F6 /* AppDelegate.swift */,
				9912B08B1F61B2DC00D751F6 /* Assets.xcassets */,
				9912B0901F61B2DC00D751F6 /* Info.plist */,
			);
			name = Assets;
			sourceTree = "<group>";
		};
		9912B09D1F61B4BE00D751F6 /* Util */ = {
			isa = PBXGroup;
			children = (
				9912B09E1F61B4E400D751F6 /* Constants.swift */,
			);
			name = Util;
			sourceTree = "<group>";
		};
		9912B0A01F61B56B00D751F6 /* Model */ = {
			isa = PBXGroup;
			children = (
				9912B0A11F61B57000D751F6 /* Clients */,
			);
			name = Model;
			sourceTree = "<group>";
		};
		9912B0A11F61B57000D751F6 /* Clients */ = {
			isa = PBXGroup;
			children = (
				9912B0A21F61B57600D751F6 /* Flickr */,
			);
			name = Clients;
			sourceTree = "<group>";
		};
		9912B0A21F61B57600D751F6 /* Flickr */ = {
			isa = PBXGroup;
			children = (
				9912B0A31F61B59300D751F6 /* FLKRClient.swift */,
			);
			name = Flickr;
			sourceTree = "<group>";
		};
/* End PBXGroup section */

/* Begin PBXNativeTarget section */
		9912B0801F61B2DC00D751F6 /* virtual-tourist */ = {
			isa = PBXNativeTarget;
			buildConfigurationList = 9912B0931F61B2DC00D751F6 /* Build configuration list for PBXNativeTarget "virtual-tourist" */;
			buildPhases = (
				9912B07D1F61B2DC00D751F6 /* Sources */,
				9912B07E1F61B2DC00D751F6 /* Frameworks */,
				9912B07F1F61B2DC00D751F6 /* Resources */,
			);
			buildRules = (
			);
			dependencies = (
			);
			name = "virtual-tourist";
			productName = "virtual-tourist";
			productReference = 9912B0811F61B2DC00D751F6 /* virtual-tourist.app */;
			productType = "com.apple.product-type.application";
		};
/* End PBXNativeTarget section */

/* Begin PBXProject section */
		9912B0791F61B2DC00D751F6 /* Project object */ = {
			isa = PBXProject;
			attributes = {
				LastSwiftUpdateCheck = 0830;
				LastUpgradeCheck = 0830;
				ORGANIZATIONNAME = "Danilo Gomes";
				TargetAttributes = {
					9912B0801F61B2DC00D751F6 = {
						CreatedOnToolsVersion = 8.3.3;
						ProvisioningStyle = Automatic;
					};
				};
			};
			buildConfigurationList = 9912B07C1F61B2DC00D751F6 /* Build configuration list for PBXProject "virtual-tourist" */;
			compatibilityVersion = "Xcode 3.2";
			developmentRegion = English;
			hasScannedForEncodings = 0;
			knownRegions = (
				en,
				Base,
			);
			mainGroup = 9912B0781F61B2DC00D751F6;
			productRefGroup = 9912B0821F61B2DC00D751F6 /* Products */;
			projectDirPath = "";
			projectRoot = "";
			targets = (
				9912B0801F61B2DC00D751F6 /* virtual-tourist */,
			);
		};
/* End PBXProject section */

/* Begin PBXResourcesBuildPhase section */
		9912B07F1F61B2DC00D751F6 /* Resources */ = {
			isa = PBXResourcesBuildPhase;
			buildActionMask = 2147483647;
			files = (
				9912B08F1F61B2DC00D751F6 /* LaunchScreen.storyboard in Resources */,
				9912B08C1F61B2DC00D751F6 /* Assets.xcassets in Resources */,
				9912B08A1F61B2DC00D751F6 /* Main.storyboard in Resources */,
			);
			runOnlyForDeploymentPostprocessing = 0;
		};
/* End PBXResourcesBuildPhase section */

/* Begin PBXSourcesBuildPhase section */
		9912B07D1F61B2DC00D751F6 /* Sources */ = {
			isa = PBXSourcesBuildPhase;
			buildActionMask = 2147483647;
			files = (
				9912B0851F61B2DC00D751F6 /* AppDelegate.swift in Sources */,
				9912B0991F61B3B200D751F6 /* MapViewController.swift in Sources */,
				9912B0971F61B39600D751F6 /* PhotoAlbumViewController.swift in Sources */,
				9912B0A41F61B59300D751F6 /* FLKRClient.swift in Sources */,
				9912B09F1F61B4E400D751F6 /* Constants.swift in Sources */,
			);
			runOnlyForDeploymentPostprocessing = 0;
		};
/* End PBXSourcesBuildPhase section */

/* Begin PBXVariantGroup section */
		9912B0881F61B2DC00D751F6 /* Main.storyboard */ = {
			isa = PBXVariantGroup;
			children = (
				9912B0891F61B2DC00D751F6 /* Base */,
			);
			name = Main.storyboard;
			sourceTree = "<group>";
		};
		9912B08D1F61B2DC00D751F6 /* LaunchScreen.storyboard */ = {
			isa = PBXVariantGroup;
			children = (
				9912B08E1F61B2DC00D751F6 /* Base */,
			);
			name = LaunchScreen.storyboard;
			sourceTree = "<group>";
		};
/* End PBXVariantGroup section */

/* Begin XCBuildConfiguration section */
		9912B0911F61B2DC00D751F6 /* Debug */ = {
			isa = XCBuildConfiguration;
			buildSettings = {
				ALWAYS_SEARCH_USER_PATHS = NO;
				CLANG_ANALYZER_NONNULL = YES;
				CLANG_ANALYZER_NUMBER_OBJECT_CONVERSION = YES_AGGRESSIVE;
				CLANG_CXX_LANGUAGE_STANDARD = "gnu++0x";
				CLANG_CXX_LIBRARY = "libc++";
				CLANG_ENABLE_MODULES = YES;
				CLANG_ENABLE_OBJC_ARC = YES;
				CLANG_WARN_BOOL_CONVERSION = YES;
				CLANG_WARN_CONSTANT_CONVERSION = YES;
				CLANG_WARN_DIRECT_OBJC_ISA_USAGE = YES_ERROR;
				CLANG_WARN_DOCUMENTATION_COMMENTS = YES;
				CLANG_WARN_EMPTY_BODY = YES;
				CLANG_WARN_ENUM_CONVERSION = YES;
				CLANG_WARN_INFINITE_RECURSION = YES;
				CLANG_WARN_INT_CONVERSION = YES;
				CLANG_WARN_OBJC_ROOT_CLASS = YES_ERROR;
				CLANG_WARN_SUSPICIOUS_MOVE = YES;
				CLANG_WARN_UNREACHABLE_CODE = YES;
				CLANG_WARN__DUPLICATE_METHOD_MATCH = YES;
				"CODE_SIGN_IDENTITY[sdk=iphoneos*]" = "iPhone Developer";
				COPY_PHASE_STRIP = NO;
				DEBUG_INFORMATION_FORMAT = dwarf;
				ENABLE_STRICT_OBJC_MSGSEND = YES;
				ENABLE_TESTABILITY = YES;
				GCC_C_LANGUAGE_STANDARD = gnu99;
				GCC_DYNAMIC_NO_PIC = NO;
				GCC_NO_COMMON_BLOCKS = YES;
				GCC_OPTIMIZATION_LEVEL = 0;
				GCC_PREPROCESSOR_DEFINITIONS = (
					"DEBUG=1",
					"$(inherited)",
				);
				GCC_WARN_64_TO_32_BIT_CONVERSION = YES;
				GCC_WARN_ABOUT_RETURN_TYPE = YES_ERROR;
				GCC_WARN_UNDECLARED_SELECTOR = YES;
				GCC_WARN_UNINITIALIZED_AUTOS = YES_AGGRESSIVE;
				GCC_WARN_UNUSED_FUNCTION = YES;
				GCC_WARN_UNUSED_VARIABLE = YES;
				IPHONEOS_DEPLOYMENT_TARGET = 10.3;
				MTL_ENABLE_DEBUG_INFO = YES;
				ONLY_ACTIVE_ARCH = YES;
				SDKROOT = iphoneos;
				SWIFT_ACTIVE_COMPILATION_CONDITIONS = DEBUG;
				SWIFT_OPTIMIZATION_LEVEL = "-Onone";
				TARGETED_DEVICE_FAMILY = "1,2";
			};
			name = Debug;
		};
		9912B0921F61B2DC00D751F6 /* Release */ = {
			isa = XCBuildConfiguration;
			buildSettings = {
				ALWAYS_SEARCH_USER_PATHS = NO;
				CLANG_ANALYZER_NONNULL = YES;
				CLANG_ANALYZER_NUMBER_OBJECT_CONVERSION = YES_AGGRESSIVE;
				CLANG_CXX_LANGUAGE_STANDARD = "gnu++0x";
				CLANG_CXX_LIBRARY = "libc++";
				CLANG_ENABLE_MODULES = YES;
				CLANG_ENABLE_OBJC_ARC = YES;
				CLANG_WARN_BOOL_CONVERSION = YES;
				CLANG_WARN_CONSTANT_CONVERSION = YES;
				CLANG_WARN_DIRECT_OBJC_ISA_USAGE = YES_ERROR;
				CLANG_WARN_DOCUMENTATION_COMMENTS = YES;
				CLANG_WARN_EMPTY_BODY = YES;
				CLANG_WARN_ENUM_CONVERSION = YES;
				CLANG_WARN_INFINITE_RECURSION = YES;
				CLANG_WARN_INT_CONVERSION = YES;
				CLANG_WARN_OBJC_ROOT_CLASS = YES_ERROR;
				CLANG_WARN_SUSPICIOUS_MOVE = YES;
				CLANG_WARN_UNREACHABLE_CODE = YES;
				CLANG_WARN__DUPLICATE_METHOD_MATCH = YES;
				"CODE_SIGN_IDENTITY[sdk=iphoneos*]" = "iPhone Developer";
				COPY_PHASE_STRIP = NO;
				DEBUG_INFORMATION_FORMAT = "dwarf-with-dsym";
				ENABLE_NS_ASSERTIONS = NO;
				ENABLE_STRICT_OBJC_MSGSEND = YES;
				GCC_C_LANGUAGE_STANDARD = gnu99;
				GCC_NO_COMMON_BLOCKS = YES;
				GCC_WARN_64_TO_32_BIT_CONVERSION = YES;
				GCC_WARN_ABOUT_RETURN_TYPE = YES_ERROR;
				GCC_WARN_UNDECLARED_SELECTOR = YES;
				GCC_WARN_UNINITIALIZED_AUTOS = YES_AGGRESSIVE;
				GCC_WARN_UNUSED_FUNCTION = YES;
				GCC_WARN_UNUSED_VARIABLE = YES;
				IPHONEOS_DEPLOYMENT_TARGET = 10.3;
				MTL_ENABLE_DEBUG_INFO = NO;
				SDKROOT = iphoneos;
				SWIFT_OPTIMIZATION_LEVEL = "-Owholemodule";
				TARGETED_DEVICE_FAMILY = "1,2";
				VALIDATE_PRODUCT = YES;
			};
			name = Release;
		};
		9912B0941F61B2DC00D751F6 /* Debug */ = {
			isa = XCBuildConfiguration;
			buildSettings = {
				ASSETCATALOG_COMPILER_APPICON_NAME = AppIcon;
				INFOPLIST_FILE = "virtual-tourist/Info.plist";
				LD_RUNPATH_SEARCH_PATHS = "$(inherited) @executable_path/Frameworks";
				PRODUCT_BUNDLE_IDENTIFIER = "com.drsg.samples.virtual-tourist";
				PRODUCT_NAME = "$(TARGET_NAME)";
				SWIFT_VERSION = 3.0;
			};
			name = Debug;
		};
		9912B0951F61B2DC00D751F6 /* Release */ = {
			isa = XCBuildConfiguration;
			buildSettings = {
				ASSETCATALOG_COMPILER_APPICON_NAME = AppIcon;
				INFOPLIST_FILE = "virtual-tourist/Info.plist";
				LD_RUNPATH_SEARCH_PATHS = "$(inherited) @executable_path/Frameworks";
				PRODUCT_BUNDLE_IDENTIFIER = "com.drsg.samples.virtual-tourist";
				PRODUCT_NAME = "$(TARGET_NAME)";
				SWIFT_VERSION = 3.0;
			};
			name = Release;
		};
/* End XCBuildConfiguration section */

/* Begin XCConfigurationList section */
		9912B07C1F61B2DC00D751F6 /* Build configuration list for PBXProject "virtual-tourist" */ = {
			isa = XCConfigurationList;
			buildConfigurations = (
				9912B0911F61B2DC00D751F6 /* Debug */,
				9912B0921F61B2DC00D751F6 /* Release */,
			);
			defaultConfigurationIsVisible = 0;
			defaultConfigurationName = Release;
		};
		9912B0931F61B2DC00D751F6 /* Build configuration list for PBXNativeTarget "virtual-tourist" */ = {
			isa = XCConfigurationList;
			buildConfigurations = (
				9912B0941F61B2DC00D751F6 /* Debug */,
				9912B0951F61B2DC00D751F6 /* Release */,
			);
			defaultConfigurationIsVisible = 0;
		};
/* End XCConfigurationList section */
	};
	rootObject = 9912B0791F61B2DC00D751F6 /* Project object */;
}
